Microsoft Visual Studio Solution File, Format Version 12.00
# Visual Studio Version 17
VisualStudioVersion = 17.5.2.0
MinimumVisualStudioVersion = 10.0.40219.1
Project("{FAE04EC0-301F-11D3-BF4B-00C04F79EFBC}") = "Module8Lab", "Module8Lab\Module8Lab.csproj", "{FE370F68-157C-8A61-DEC2-B39D0BC41483}"
EndProject
Global
	GlobalSection(SolutionConfigurationPlatforms) = preSolution
		Debug|Any CPU = Debug|Any CPU
		Release|Any CPU = Release|Any CPU
	EndGlobalSection
	GlobalSection(ProjectConfigurationPlatforms) = postSolution
		{FE370F68-157C-8A61-DEC2-B39D0BC41483}.Debug|Any CPU.ActiveCfg = Debug|Any CPU
		{FE370F68-157C-8A61-DEC2-B39D0BC41483}.Debug|Any CPU.Build.0 = Debug|Any CPU
		{FE370F68-157C-8A61-DEC2-B39D0BC41483}.Release|Any CPU.ActiveCfg = Release|Any CPU
		{FE370F68-157C-8A61-DEC2-B39D0BC41483}.Release|Any CPU.Build.0 = Release|Any CPU
	EndGlobalSection
	GlobalSection(SolutionProperties) = preSolution
		HideSolutionNode = FALSE
	EndGlobalSection
	GlobalSection(ExtensibilityGlobals) = postSolution
		SolutionGuid = {B2F96FA4-11B1-4D81-8164-A26C298136CC}
	EndGlobalSection
EndGlobal
